{
    "version": 3,
    "terraform_version": "0.11.10",
    "serial": 11,
    "lineage": "9e23dccd-904b-3d12-b707-3ad2143e1694",
    "modules": [
        {
            "path": [
                "root"
            ],
            "outputs": {},
            "resources": {
                "aws_security_group.allow_all": {
                    "type": "aws_security_group",
                    "depends_on": [
                        "aws_vpc.testvpc"
                    ],
                    "primary": {
                        "id": "sg-0d2145f16243b63a7",
                        "attributes": {
                            "arn": "arn:aws:ec2:us-east-1:038735950057:security-group/sg-0d2145f16243b63a7",
                            "description": "Allow all inbound traffic",
                            "egress.#": "0",
                            "id": "sg-0d2145f16243b63a7",
                            "ingress.#": "1",
                            "ingress.2541437006.cidr_blocks.#": "1",
                            "ingress.2541437006.cidr_blocks.0": "0.0.0.0/0",
                            "ingress.2541437006.description": "",
                            "ingress.2541437006.from_port": "22",
                            "ingress.2541437006.ipv6_cidr_blocks.#": "0",
                            "ingress.2541437006.prefix_list_ids.#": "0",
                            "ingress.2541437006.protocol": "tcp",
                            "ingress.2541437006.security_groups.#": "0",
                            "ingress.2541437006.self": "false",
                            "ingress.2541437006.to_port": "22",
                            "name": "allow_all",
                            "owner_id": "038735950057",
                            "revoke_rules_on_delete": "false",
                            "tags.%": "1",
                            "tags.Name": "allow_all",
                            "vpc_id": "vpc-08ff14a6cb04f0b72"
                        },
                        "meta": {
                            "e2bfb730-ecaa-11e6-8f88-34363bc7c4c0": {
                                "create": 600000000000,
                                "delete": 600000000000
                            },
                            "schema_version": "1"
                        },
                        "tainted": false
                    },
                    "deposed": [],
                    "provider": "provider.aws"
                },
                "aws_vpc.testvpc": {
                    "type": "aws_vpc",
                    "depends_on": [],
                    "primary": {
                        "id": "vpc-08ff14a6cb04f0b72",
                        "attributes": {
                            "arn": "arn:aws:ec2:us-east-1:038735950057:vpc/vpc-08ff14a6cb04f0b72",
                            "assign_generated_ipv6_cidr_block": "false",
                            "cidr_block": "10.20.0.0/24",
                            "default_network_acl_id": "acl-0a456972883b7a66e",
                            "default_route_table_id": "rtb-01b6c8925de0d6165",
                            "default_security_group_id": "sg-0cd4e741c41f54ce4",
                            "dhcp_options_id": "dopt-68305c11",
                            "enable_classiclink": "false",
                            "enable_classiclink_dns_support": "false",
                            "enable_dns_hostnames": "false",
                            "enable_dns_support": "true",
                            "id": "vpc-08ff14a6cb04f0b72",
                            "instance_tenancy": "default",
                            "ipv6_association_id": "",
                            "ipv6_cidr_block": "",
                            "main_route_table_id": "rtb-01b6c8925de0d6165",
                            "tags.%": "0"
                        },
                        "meta": {
                            "schema_version": "1"
                        },
                        "tainted": false
                    },
                    "deposed": [],
                    "provider": "provider.aws"
                }
            },
            "depends_on": []
        }
    ]
}
